PODS:
  - JHTAlertController (0.1.4)

DEPENDENCIES:
  - JHTAlertController (from `../`)

EXTERNAL SOURCES:
  JHTAlertController:
    :path: ../

SPEC CHECKSUMS:
  JHTAlertController: 7d26a6f20df4a6a162f6ad85732f4311b0de9605

PODFILE CHECKSUM: 4aa0b1fe38431f2bc4a6eedb98e878dad2a21c19

COCOAPODS: 1.1.1
